
Microsoft Visual Studio Solution File, Format Version 12.00
# Visual Studio Version 16
VisualStudioVersion = 16.0.30204.135
MinimumVisualStudioVersion = 10.0.40219.1
Project("{FAE04EC0-301F-11D3-BF4B-00C04F79EFBC}") = "Keyboard Sender CLI", "Keyboard Sender CLI\Keyboard Sender CLI.csproj", "{A1B2C3D4-E5F6-7890-ABCD-EF1234567890}"
EndProject
Project("{FAE04EC0-301F-11D3-BF4B-00C04F79EFBC}") = "GRPCRemote", "GRPCRemote\GRPCRemote.csproj", "{BAD793E5-8E4E-45CD-AFF4-D4ED4507B559}"
EndProject
Project("{FAE04EC0-301F-11D3-BF4B-00C04F79EFBC}") = "GRPCRemote.Tests", "GRPCRemote.Tests\GRPCRemote.Tests.csproj", "{048B63D5-C483-4AAE-A30A-63F49E521C83}"
EndProject
Project("{FAE04EC0-301F-11D3-BF4B-00C04F79EFBC}") = "GRPCRemoteClient", "GRPCRemoteClient\GRPCRemoteClient.csproj", "{0BEBF7CB-EE8C-4C57-9D3C-C5FB796F994E}"
EndProject
Project("{930C7802-8A8C-48F9-8165-68863BCCD9DD}") = "GRPCRemoteInstaller", "GRPCRemoteInstaller\GRPCRemoteInstaller.wixproj", "{CFB24720-12DD-4050-990A-00E08D33BAA9}"
EndProject
Project("{FAE04EC0-301F-11D3-BF4B-00C04F79EFBC}") = "GRPCRemoteService", "GRPCRemoteService\GRPCRemoteService.csproj", "{59BB6ABD-D815-4D45-AC49-4696F177E30F}"
EndProject
Global
	GlobalSection(SolutionConfigurationPlatforms) = preSolution
		Debug|Any CPU = Debug|Any CPU
		Debug|x64 = Debug|x64
		Debug|x86 = Debug|x86
		Release|Any CPU = Release|Any CPU
		Release|x64 = Release|x64
		Release|x86 = Release|x86
	EndGlobalSection
	GlobalSection(ProjectConfigurationPlatforms) = postSolution
		{A1B2C3D4-E5F6-7890-ABCD-EF1234567890}.Debug|Any CPU.ActiveCfg = Debug|Any CPU
		{A1B2C3D4-E5F6-7890-ABCD-EF1234567890}.Debug|Any CPU.Build.0 = Debug|Any CPU
		{A1B2C3D4-E5F6-7890-ABCD-EF1234567890}.Debug|x64.ActiveCfg = Debug|Any CPU
		{A1B2C3D4-E5F6-7890-ABCD-EF1234567890}.Debug|x64.Build.0 = Debug|Any CPU
		{A1B2C3D4-E5F6-7890-ABCD-EF1234567890}.Debug|x86.ActiveCfg = Debug|Any CPU
		{A1B2C3D4-E5F6-7890-ABCD-EF1234567890}.Debug|x86.Build.0 = Debug|Any CPU
		{A1B2C3D4-E5F6-7890-ABCD-EF1234567890}.Release|Any CPU.ActiveCfg = Release|Any CPU
		{A1B2C3D4-E5F6-7890-ABCD-EF1234567890}.Release|Any CPU.Build.0 = Release|Any CPU
		{A1B2C3D4-E5F6-7890-ABCD-EF1234567890}.Release|x64.ActiveCfg = Release|Any CPU
		{A1B2C3D4-E5F6-7890-ABCD-EF1234567890}.Release|x64.Build.0 = Release|Any CPU
		{A1B2C3D4-E5F6-7890-ABCD-EF1234567890}.Release|x86.ActiveCfg = Release|Any CPU
		{A1B2C3D4-E5F6-7890-ABCD-EF1234567890}.Release|x86.Build.0 = Release|Any CPU
		{BAD793E5-8E4E-45CD-AFF4-D4ED4507B559}.Debug|Any CPU.ActiveCfg = Debug|Any CPU
		{BAD793E5-8E4E-45CD-AFF4-D4ED4507B559}.Debug|Any CPU.Build.0 = Debug|Any CPU
		{BAD793E5-8E4E-45CD-AFF4-D4ED4507B559}.Debug|x64.ActiveCfg = Debug|Any CPU
		{BAD793E5-8E4E-45CD-AFF4-D4ED4507B559}.Debug|x64.Build.0 = Debug|Any CPU
		{BAD793E5-8E4E-45CD-AFF4-D4ED4507B559}.Debug|x86.ActiveCfg = Debug|Any CPU
		{BAD793E5-8E4E-45CD-AFF4-D4ED4507B559}.Debug|x86.Build.0 = Debug|Any CPU
		{BAD793E5-8E4E-45CD-AFF4-D4ED4507B559}.Release|Any CPU.ActiveCfg = Release|Any CPU
		{BAD793E5-8E4E-45CD-AFF4-D4ED4507B559}.Release|Any CPU.Build.0 = Release|Any CPU
		{BAD793E5-8E4E-45CD-AFF4-D4ED4507B559}.Release|x64.ActiveCfg = Release|Any CPU
		{BAD793E5-8E4E-45CD-AFF4-D4ED4507B559}.Release|x64.Build.0 = Release|Any CPU
		{BAD793E5-8E4E-45CD-AFF4-D4ED4507B559}.Release|x86.ActiveCfg = Release|Any CPU
		{BAD793E5-8E4E-45CD-AFF4-D4ED4507B559}.Release|x86.Build.0 = Release|Any CPU
		{048B63D5-C483-4AAE-A30A-63F49E521C83}.Debug|Any CPU.ActiveCfg = Debug|Any CPU
		{048B63D5-C483-4AAE-A30A-63F49E521C83}.Debug|Any CPU.Build.0 = Debug|Any CPU
		{048B63D5-C483-4AAE-A30A-63F49E521C83}.Debug|x64.ActiveCfg = Debug|Any CPU
		{048B63D5-C483-4AAE-A30A-63F49E521C83}.Debug|x64.Build.0 = Debug|Any CPU
		{048B63D5-C483-4AAE-A30A-63F49E521C83}.Debug|x86.ActiveCfg = Debug|Any CPU
		{048B63D5-C483-4AAE-A30A-63F49E521C83}.Debug|x86.Build.0 = Debug|Any CPU
		{048B63D5-C483-4AAE-A30A-63F49E521C83}.Release|Any CPU.ActiveCfg = Release|Any CPU
		{048B63D5-C483-4AAE-A30A-63F49E521C83}.Release|Any CPU.Build.0 = Release|Any CPU
		{048B63D5-C483-4AAE-A30A-63F49E521C83}.Release|x64.ActiveCfg = Release|Any CPU
		{048B63D5-C483-4AAE-A30A-63F49E521C83}.Release|x64.Build.0 = Release|Any CPU
		{048B63D5-C483-4AAE-A30A-63F49E521C83}.Release|x86.ActiveCfg = Release|Any CPU
		{048B63D5-C483-4AAE-A30A-63F49E521C83}.Release|x86.Build.0 = Release|Any CPU
		{0BEBF7CB-EE8C-4C57-9D3C-C5FB796F994E}.Debug|Any CPU.ActiveCfg = Debug|Any CPU
		{0BEBF7CB-EE8C-4C57-9D3C-C5FB796F994E}.Debug|Any CPU.Build.0 = Debug|Any CPU
		{0BEBF7CB-EE8C-4C57-9D3C-C5FB796F994E}.Debug|x64.ActiveCfg = Debug|Any CPU
		{0BEBF7CB-EE8C-4C57-9D3C-C5FB796F994E}.Debug|x64.Build.0 = Debug|Any CPU
		{0BEBF7CB-EE8C-4C57-9D3C-C5FB796F994E}.Debug|x86.ActiveCfg = Debug|Any CPU
		{0BEBF7CB-EE8C-4C57-9D3C-C5FB796F994E}.Debug|x86.Build.0 = Debug|Any CPU
		{0BEBF7CB-EE8C-4C57-9D3C-C5FB796F994E}.Release|Any CPU.ActiveCfg = Release|Any CPU
		{0BEBF7CB-EE8C-4C57-9D3C-C5FB796F994E}.Release|Any CPU.Build.0 = Release|Any CPU
		{0BEBF7CB-EE8C-4C57-9D3C-C5FB796F994E}.Release|x64.ActiveCfg = Release|Any CPU
		{0BEBF7CB-EE8C-4C57-9D3C-C5FB796F994E}.Release|x64.Build.0 = Release|Any CPU
		{0BEBF7CB-EE8C-4C57-9D3C-C5FB796F994E}.Release|x86.ActiveCfg = Release|Any CPU
		{0BEBF7CB-EE8C-4C57-9D3C-C5FB796F994E}.Release|x86.Build.0 = Release|Any CPU
		{CFB24720-12DD-4050-990A-00E08D33BAA9}.Debug|Any CPU.ActiveCfg = Debug|Any CPU
		{CFB24720-12DD-4050-990A-00E08D33BAA9}.Debug|x64.ActiveCfg = Debug|Any CPU
		{CFB24720-12DD-4050-990A-00E08D33BAA9}.Debug|x86.ActiveCfg = Debug|Any CPU
		{CFB24720-12DD-4050-990A-00E08D33BAA9}.Release|Any CPU.ActiveCfg = Release|Any CPU
		{CFB24720-12DD-4050-990A-00E08D33BAA9}.Release|x64.ActiveCfg = Release|Any CPU
		{CFB24720-12DD-4050-990A-00E08D33BAA9}.Release|x86.ActiveCfg = Release|Any CPU
		{59BB6ABD-D815-4D45-AC49-4696F177E30F}.Debug|Any CPU.ActiveCfg = Debug|Any CPU
		{59BB6ABD-D815-4D45-AC49-4696F177E30F}.Debug|Any CPU.Build.0 = Debug|Any CPU
		{59BB6ABD-D815-4D45-AC49-4696F177E30F}.Debug|x64.ActiveCfg = Debug|Any CPU
		{59BB6ABD-D815-4D45-AC49-4696F177E30F}.Debug|x64.Build.0 = Debug|Any CPU
		{59BB6ABD-D815-4D45-AC49-4696F177E30F}.Debug|x86.ActiveCfg = Debug|Any CPU
		{59BB6ABD-D815-4D45-AC49-4696F177E30F}.Debug|x86.Build.0 = Debug|Any CPU
		{59BB6ABD-D815-4D45-AC49-4696F177E30F}.Release|Any CPU.ActiveCfg = Release|Any CPU
		{59BB6ABD-D815-4D45-AC49-4696F177E30F}.Release|Any CPU.Build.0 = Release|Any CPU
		{59BB6ABD-D815-4D45-AC49-4696F177E30F}.Release|x64.ActiveCfg = Release|Any CPU
		{59BB6ABD-D815-4D45-AC49-4696F177E30F}.Release|x64.Build.0 = Release|Any CPU
		{59BB6ABD-D815-4D45-AC49-4696F177E30F}.Release|x86.ActiveCfg = Release|Any CPU
		{59BB6ABD-D815-4D45-AC49-4696F177E30F}.Release|x86.Build.0 = Release|Any CPU
	EndGlobalSection
	GlobalSection(SolutionProperties) = preSolution
		HideSolutionNode = FALSE
	EndGlobalSection
	GlobalSection(ExtensibilityGlobals) = postSolution
		SolutionGuid = {BADFE5DB-DF7D-4590-9AED-CA220D2B28FC}
	EndGlobalSection
EndGlobal
